
Microsoft Visual Studio Solution File, Format Version 12.00
# Visual Studio Version 17
VisualStudioVersion = 17.9.34607.119
MinimumVisualStudioVersion = 10.0.40219.1
Project("{FAE04EC0-301F-11D3-BF4B-00C04F79EFBC}") = "WindowsFormsApp1", "WindowsFormsApp1.csproj", "{BE6BB9D2-C7C8-47E8-849C-0212244B6531}"
EndProject
Project("{FAE04EC0-301F-11D3-BF4B-00C04F79EFBC}") = "Data Access Layer", "..\Data Access Layer\Data Access Layer.csproj", "{69B70919-4921-4224-B9F7-EB01E1A978D1}"
EndProject
Project("{FAE04EC0-301F-11D3-BF4B-00C04F79EFBC}") = "Bussiness Layer", "..\Bussiness Layer\Bussiness Layer.csproj", "{91585DCC-59A0-4AEE-995D-CC7BA07D4A92}"
EndProject
Global
	GlobalSection(SolutionConfigurationPlatforms) = preSolution
		Debug|Any CPU = Debug|Any CPU
		Release|Any CPU = Release|Any CPU
	EndGlobalSection
	GlobalSection(ProjectConfigurationPlatforms) = postSolution
		{BE6BB9D2-C7C8-47E8-849C-0212244B6531}.Debug|Any CPU.ActiveCfg = Debug|Any CPU
		{BE6BB9D2-C7C8-47E8-849C-0212244B6531}.Debug|Any CPU.Build.0 = Debug|Any CPU
		{BE6BB9D2-C7C8-47E8-849C-0212244B6531}.Release|Any CPU.ActiveCfg = Release|Any CPU
		{BE6BB9D2-C7C8-47E8-849C-0212244B6531}.Release|Any CPU.Build.0 = Release|Any CPU
		{69B70919-4921-4224-B9F7-EB01E1A978D1}.Debug|Any CPU.ActiveCfg = Debug|Any CPU
		{69B70919-4921-4224-B9F7-EB01E1A978D1}.Debug|Any CPU.Build.0 = Debug|Any CPU
		{69B70919-4921-4224-B9F7-EB01E1A978D1}.Release|Any CPU.ActiveCfg = Release|Any CPU
		{69B70919-4921-4224-B9F7-EB01E1A978D1}.Release|Any CPU.Build.0 = Release|Any CPU
		{91585DCC-59A0-4AEE-995D-CC7BA07D4A92}.Debug|Any CPU.ActiveCfg = Debug|Any CPU
		{91585DCC-59A0-4AEE-995D-CC7BA07D4A92}.Debug|Any CPU.Build.0 = Debug|Any CPU
		{91585DCC-59A0-4AEE-995D-CC7BA07D4A92}.Release|Any CPU.ActiveCfg = Release|Any CPU
		{91585DCC-59A0-4AEE-995D-CC7BA07D4A92}.Release|Any CPU.Build.0 = Release|Any CPU
	EndGlobalSection
	GlobalSection(SolutionProperties) = preSolution
		HideSolutionNode = FALSE
	EndGlobalSection
	GlobalSection(ExtensibilityGlobals) = postSolution
		SolutionGuid = {DE706AEC-3D5E-42D6-86C6-35CF3446BAAF}
	EndGlobalSection
EndGlobal
